lockfileVersion: 5.3

specifiers:
  jquery: ^3.5.1
  uglify-js: ^3.16.3

dependencies:
  jquery: 3.6.0

devDependencies:
  uglify-js: 3.16.3

packages:

  /jquery/3.6.0:
    resolution: {integrity: sha512-JVzAR/AjBvVt2BmYhxRCSYysDsPcssdmTFnzyLEts9qNwmjmu4JTAMYubEfwVOSwpQ1I1sKKFcxhZCI2buerfw==}
    dev: false

  /uglify-js/3.16.3:
    resolution: {integrity: sha512-uVbFqx9vvLhQg0iBaau9Z75AxWJ8tqM9AV890dIZCLApF4rTcyHwmAvLeEdYRs+BzYWu8Iw81F79ah0EfTXbaw==}
    engines: {node: '>=0.8.0'}
    hasBin: true
    dev: true
